
Microsoft Visual Studio Solution File, Format Version 12.00
# Visual Studio Version 17
VisualStudioVersion = 17.4.33122.133
MinimumVisualStudioVersion = 10.0.40219.1
Project("{FAE04EC0-301F-11D3-BF4B-00C04F79EFBC}") = "WinFormsApp1", "WinFormsApp1\WinFormsApp1.csproj", "{63EFEB1A-D271-45FF-9907-3BA4E1D8AACE}"
EndProject
Global
	GlobalSection(SolutionConfigurationPlatforms) = preSolution
		Debug|Any CPU = Debug|Any CPU
		Release|Any CPU = Release|Any CPU
	EndGlobalSection
	GlobalSection(ProjectConfigurationPlatforms) = postSolution
		{63EFEB1A-D271-45FF-9907-3BA4E1D8AACE}.Debug|Any CPU.ActiveCfg = Debug|Any CPU
		{63EFEB1A-D271-45FF-9907-3BA4E1D8AACE}.Debug|Any CPU.Build.0 = Debug|Any CPU
		{63EFEB1A-D271-45FF-9907-3BA4E1D8AACE}.Release|Any CPU.ActiveCfg = Release|Any CPU
		{63EFEB1A-D271-45FF-9907-3BA4E1D8AACE}.Release|Any CPU.Build.0 = Release|Any CPU
	EndGlobalSection
	GlobalSection(SolutionProperties) = preSolution
		HideSolutionNode = FALSE
	EndGlobalSection
	GlobalSection(ExtensibilityGlobals) = postSolution
		SolutionGuid = {500FB5BD-2556-4DB5-AC51-309BC89CBDA7}
	EndGlobalSection
EndGlobal
